{
  "name": "finishproduct",
  "version": "1.0.0",
  "lockfileVersion": 1,
  "requires": true,
  "dependencies": {
    "deeks": {
      "version": "2.6.0",
      "resolved": "https://registry.npmjs.org/deeks/-/deeks-2.6.0.tgz",
      "integrity": "sha512-zu/g4fVjPreYuP11f3o5W7TeSRscpnn9LQO15lxIXu66MwOopIxj4jhLDEGMW7JkZYqWEz5JG3qs88kHNMY08g=="
    },
    "doc-path": {
      "version": "3.0.6",
      "resolved": "https://registry.npmjs.org/doc-path/-/doc-path-3.0.6.tgz",
      "integrity": "sha512-fUNXXk+4MbfKkXec41cIyD5DTPISVD0MzMPWX2qz+kL7otFtQRHCkyPaD8qmLyQpfYQWye/z7oXeeD0nQp8HYQ=="
    },
    "fs": {
      "version": "0.0.1-security",
      "resolved": "https://registry.npmjs.org/fs/-/fs-0.0.1-security.tgz",
      "integrity": "sha512-3XY9e1pP0CVEUCdj5BmfIZxRBTSDycnbqhIOGec9QYtmVH2fbLpj86CFWkrNOkt/Fvty4KZG5lTglL9j/gJ87w=="
    },
    "json-2-csv": {
      "version": "3.18.0",
      "resolved": "https://registry.npmjs.org/json-2-csv/-/json-2-csv-3.18.0.tgz",
      "integrity": "sha512-+1lxMDaIx71QWVaENrphLb+o9xUY34nxVW6dKiRzFM2YYyxFbIkKNn4J3oVEOn/xxNtkmg8XVGmpZT+wIoi5xw==",
      "requires": {
        "deeks": "2.6.0",
        "doc-path": "3.0.6"
      }
    },
    "jsonexport": {
      "version": "3.2.0",
      "resolved": "https://registry.npmjs.org/jsonexport/-/jsonexport-3.2.0.tgz",
      "integrity": "sha512-GbO9ugb0YTZatPd/hqCGR0FSwbr82H6OzG04yzdrG7XOe4QZ0jhQ+kOsB29zqkzoYJLmLxbbrFiuwbQu891XnQ=="
    }
  }
}
